Microsoft Visual Studio Solution File, Format Version 12.00
# Visual Studio Version 16
VisualStudioVersion = 16.0.31624.102
MinimumVisualStudioVersion = 10.0.40219.1
Project("{8BC9CEB8-8B4A-11D0-8D11-00A0C91BC942}") = "CDiff", "CDIFF\CDiff.vcxproj", "{E630F0BB-1A27-4FD0-B515-3FC92A4E350E}"
EndProject
Project("{8BC9CEB8-8B4A-11D0-8D11-00A0C91BC942}") = "Cap", "CAP\Cap.vcxproj", "{EE172E03-2FA7-4CC9-A1D7-AB6C7B3A3031}"
	ProjectSection(ProjectDependencies) = postProject
		{DEE34E3B-9ADF-4191-94A3-A0BBF5103981} = {DEE34E3B-9ADF-4191-94A3-A0BBF5103981}
		{337ED9C5-E353-48C6-BBEF-98C7E778FA56} = {337ED9C5-E353-48C6-BBEF-98C7E778FA56}
	EndProjectSection
EndProject
Project("{8BC9CEB8-8B4A-11D0-8D11-00A0C91BC942}") = "Cat", "CAT\Cat.vcxproj", "{9915020E-7A96-41EF-B904-BC4024A4598C}"
	ProjectSection(ProjectDependencies) = postProject
		{DEE34E3B-9ADF-4191-94A3-A0BBF5103981} = {DEE34E3B-9ADF-4191-94A3-A0BBF5103981}
		{337ED9C5-E353-48C6-BBEF-98C7E778FA56} = {337ED9C5-E353-48C6-BBEF-98C7E778FA56}
	EndProjectSection
EndProject
Project("{8BC9CEB8-8B4A-11D0-8D11-00A0C91BC942}") = "Chmod", "CHMOD\Chmod.vcxproj", "{FA64C768-9437-4C8F-B957-A44A96C146A0}"
	ProjectSection(ProjectDependencies) = postProject
		{DEE34E3B-9ADF-4191-94A3-A0BBF5103981} = {DEE34E3B-9ADF-4191-94A3-A0BBF5103981}
		{337ED9C5-E353-48C6-BBEF-98C7E778FA56} = {337ED9C5-E353-48C6-BBEF-98C7E778FA56}
	EndProjectSection
EndProject
Project("{8BC9CEB8-8B4A-11D0-8D11-00A0C91BC942}") = "Cmp", "CMP\Cmp.vcxproj", "{2C2EB469-A80C-48E2-8ADD-85CA26EA3A52}"
	ProjectSection(ProjectDependencies) = postProject
		{DEE34E3B-9ADF-4191-94A3-A0BBF5103981} = {DEE34E3B-9ADF-4191-94A3-A0BBF5103981}
		{337ED9C5-E353-48C6-BBEF-98C7E778FA56} = {337ED9C5-E353-48C6-BBEF-98C7E778FA56}
	EndProjectSection
EndProject
Project("{8BC9CEB8-8B4A-11D0-8D11-00A0C91BC942}") = "Combine", "COMBINE\Combine.vcxproj", "{BF213C2B-443E-4E18-8A8C-78043253AFA5}"
	ProjectSection(ProjectDependencies) = postProject
		{DEE34E3B-9ADF-4191-94A3-A0BBF5103981} = {DEE34E3B-9ADF-4191-94A3-A0BBF5103981}
		{337ED9C5-E353-48C6-BBEF-98C7E778FA56} = {337ED9C5-E353-48C6-BBEF-98C7E778FA56}
	EndProjectSection
EndProject
Project("{8BC9CEB8-8B4A-11D0-8D11-00A0C91BC942}") = "Comm", "COMM\Comm.vcxproj", "{0E355759-9F7F-40F3-988D-611E36460728}"
	ProjectSection(ProjectDependencies) = postProject
		{DEE34E3B-9ADF-4191-94A3-A0BBF5103981} = {DEE34E3B-9ADF-4191-94A3-A0BBF5103981}
		{337ED9C5-E353-48C6-BBEF-98C7E778FA56} = {337ED9C5-E353-48C6-BBEF-98C7E778FA56}
	EndProjectSection
EndProject
Project("{8BC9CEB8-8B4A-11D0-8D11-00A0C91BC942}") = "Crypt", "CRYPT\Crypt.vcxproj", "{66062B5E-E56A-49BA-B22F-8463076FB76E}"
	ProjectSection(ProjectDependencies) = postProject
		{DEE34E3B-9ADF-4191-94A3-A0BBF5103981} = {DEE34E3B-9ADF-4191-94A3-A0BBF5103981}
		{337ED9C5-E353-48C6-BBEF-98C7E778FA56} = {337ED9C5-E353-48C6-BBEF-98C7E778FA56}
	EndProjectSection
EndProject
Project("{8BC9CEB8-8B4A-11D0-8D11-00A0C91BC942}") = "Ct", "CT\Ct.vcxproj", "{542F05B3-6FB4-45A1-96A2-711D505AF2D1}"
	ProjectSection(ProjectDependencies) = postProject
		{DEE34E3B-9ADF-4191-94A3-A0BBF5103981} = {DEE34E3B-9ADF-4191-94A3-A0BBF5103981}
		{337ED9C5-E353-48C6-BBEF-98C7E778FA56} = {337ED9C5-E353-48C6-BBEF-98C7E778FA56}
	EndProjectSection
EndProject
Project("{8BC9CEB8-8B4A-11D0-8D11-00A0C91BC942}") = "Df", "DF\Df.vcxproj", "{6CB5DB90-C0CF-4BDF-9413-F9F956E8323A}"
	ProjectSection(ProjectDependencies) = postProject
		{DEE34E3B-9ADF-4191-94A3-A0BBF5103981} = {DEE34E3B-9ADF-4191-94A3-A0BBF5103981}
		{337ED9C5-E353-48C6-BBEF-98C7E778FA56} = {337ED9C5-E353-48C6-BBEF-98C7E778FA56}
	EndProjectSection
EndProject
Project("{8BC9CEB8-8B4A-11D0-8D11-00A0C91BC942}") = "Ds", "DS\Ds.vcxproj", "{1354A307-B109-4B65-AFB5-ABECE021EF17}"
	ProjectSection(ProjectDependencies) = postProject
		{DEE34E3B-9ADF-4191-94A3-A0BBF5103981} = {DEE34E3B-9ADF-4191-94A3-A0BBF5103981}
		{337ED9C5-E353-48C6-BBEF-98C7E778FA56} = {337ED9C5-E353-48C6-BBEF-98C7E778FA56}
	EndProjectSection
EndProject
Project("{8BC9CEB8-8B4A-11D0-8D11-00A0C91BC942}") = "Dump", "DUMP\Dump.vcxproj", "{3D6E992C-6533-4768-8B92-A5DEF886CF6E}"
	ProjectSection(ProjectDependencies) = postProject
		{DEE34E3B-9ADF-4191-94A3-A0BBF5103981} = {DEE34E3B-9ADF-4191-94A3-A0BBF5103981}
		{337ED9C5-E353-48C6-BBEF-98C7E778FA56} = {337ED9C5-E353-48C6-BBEF-98C7E778FA56}
	EndProjectSection
EndProject
Project("{8BC9CEB8-8B4A-11D0-8D11-00A0C91BC942}") = "Echo", "ECHO\Echo.vcxproj", "{C03A0D83-9BB4-4105-A144-64335A06D78B}"
	ProjectSection(ProjectDependencies) = postProject
		{DEE34E3B-9ADF-4191-94A3-A0BBF5103981} = {DEE34E3B-9ADF-4191-94A3-A0BBF5103981}
		{337ED9C5-E353-48C6-BBEF-98C7E778FA56} = {337ED9C5-E353-48C6-BBEF-98C7E778FA56}
	EndProjectSection
EndProject
Project("{8BC9CEB8-8B4A-11D0-8D11-00A0C91BC942}") = "Env", "ENV\Env.vcxproj", "{3C908D2D-F3D1-4860-A6E9-DCF38A6E130A}"
	ProjectSection(ProjectDependencies) = postProject
		{DEE34E3B-9ADF-4191-94A3-A0BBF5103981} = {DEE34E3B-9ADF-4191-94A3-A0BBF5103981}
		{337ED9C5-E353-48C6-BBEF-98C7E778FA56} = {337ED9C5-E353-48C6-BBEF-98C7E778FA56}
	EndProjectSection
EndProject
Project("{8BC9CEB8-8B4A-11D0-8D11-00A0C91BC942}") = "Exec", "EXEC\Exec.vcxproj", "{05C51127-6CE6-46FB-B008-0B2E4B9B112D}"
	ProjectSection(ProjectDependencies) = postProject
		{DEE34E3B-9ADF-4191-94A3-A0BBF5103981} = {DEE34E3B-9ADF-4191-94A3-A0BBF5103981}
		{337ED9C5-E353-48C6-BBEF-98C7E778FA56} = {337ED9C5-E353-48C6-BBEF-98C7E778FA56}
	EndProjectSection
EndProject
Project("{8BC9CEB8-8B4A-11D0-8D11-00A0C91BC942}") = "Extract", "EXTRACT\Extract.vcxproj", "{DF0266FC-9CD3-4675-84AD-03DFE9ECCF3E}"
	ProjectSection(ProjectDependencies) = postProject
		{DEE34E3B-9ADF-4191-94A3-A0BBF5103981} = {DEE34E3B-9ADF-4191-94A3-A0BBF5103981}
		{337ED9C5-E353-48C6-BBEF-98C7E778FA56} = {337ED9C5-E353-48C6-BBEF-98C7E778FA56}
	EndProjectSection
EndProject
Project("{8BC9CEB8-8B4A-11D0-8D11-00A0C91BC942}") = "Fwild", "FWILD\Fwild.vcxproj", "{337ED9C5-E353-48C6-BBEF-98C7E778FA56}"
EndProject
Project("{8BC9CEB8-8B4A-11D0-8D11-00A0C91BC942}") = "Getoptns", "GETOPTNS\Getoptns.vcxproj", "{DEE34E3B-9ADF-4191-94A3-A0BBF5103981}"
EndProject
Project("{8BC9CEB8-8B4A-11D0-8D11-00A0C91BC942}") = "Grep", "GREP\Grep.vcxproj", "{CE030099-4689-4850-8233-8F606BC7DDC0}"
	ProjectSection(ProjectDependencies) = postProject
		{DEE34E3B-9ADF-4191-94A3-A0BBF5103981} = {DEE34E3B-9ADF-4191-94A3-A0BBF5103981}
	EndProjectSection
EndProject
Project("{8BC9CEB8-8B4A-11D0-8D11-00A0C91BC942}") = "Head", "HEAD\Head.vcxproj", "{B3CC6764-E747-4AC6-A8A0-281668A5B7F0}"
	ProjectSection(ProjectDependencies) = postProject
		{DEE34E3B-9ADF-4191-94A3-A0BBF5103981} = {DEE34E3B-9ADF-4191-94A3-A0BBF5103981}
	EndProjectSection
EndProject
Project("{8BC9CEB8-8B4A-11D0-8D11-00A0C91BC942}") = "L", "L\L.vcxproj", "{4FCFDD0B-E3E0-46C4-87D9-49A7FCEC29CC}"
	ProjectSection(ProjectDependencies) = postProject
		{DEE34E3B-9ADF-4191-94A3-A0BBF5103981} = {DEE34E3B-9ADF-4191-94A3-A0BBF5103981}
	EndProjectSection
EndProject
Project("{8BC9CEB8-8B4A-11D0-8D11-00A0C91BC942}") = "LX", "LX\LX.vcxproj", "{01FDD506-D7AF-4681-8054-7F70189B5D7D}"
	ProjectSection(ProjectDependencies) = postProject
		{DEE34E3B-9ADF-4191-94A3-A0BBF5103981} = {DEE34E3B-9ADF-4191-94A3-A0BBF5103981}
	EndProjectSection
EndProject
Project("{8BC9CEB8-8B4A-11D0-8D11-00A0C91BC942}") = "Mv", "MV\Mv.vcxproj", "{97859FF7-7EDF-4A73-96BC-8605EEE39DAA}"
	ProjectSection(ProjectDependencies) = postProject
		{DEE34E3B-9ADF-4191-94A3-A0BBF5103981} = {DEE34E3B-9ADF-4191-94A3-A0BBF5103981}
	EndProjectSection
EndProject
Project("{8BC9CEB8-8B4A-11D0-8D11-00A0C91BC942}") = "Mvdir", "MVDIR\Mvdir.vcxproj", "{E0756B70-293A-48A6-8CBB-04A2446858AB}"
	ProjectSection(ProjectDependencies) = postProject
		{DEE34E3B-9ADF-4191-94A3-A0BBF5103981} = {DEE34E3B-9ADF-4191-94A3-A0BBF5103981}
	EndProjectSection
EndProject
Project("{8BC9CEB8-8B4A-11D0-8D11-00A0C91BC942}") = "Plot", "PLOT\Plot.vcxproj", "{CE88A350-FEDB-423D-BA24-A8F4D3531E9C}"
	ProjectSection(ProjectDependencies) = postProject
		{DEE34E3B-9ADF-4191-94A3-A0BBF5103981} = {DEE34E3B-9ADF-4191-94A3-A0BBF5103981}
	EndProjectSection
EndProject
Project("{8BC9CEB8-8B4A-11D0-8D11-00A0C91BC942}") = "Pr", "PR\Pr.vcxproj", "{406A47B3-E1C4-4F77-B262-51DFA8E46945}"
	ProjectSection(ProjectDependencies) = postProject
		{DEE34E3B-9ADF-4191-94A3-A0BBF5103981} = {DEE34E3B-9ADF-4191-94A3-A0BBF5103981}
		{4CD2E4C4-8C9C-4C6A-90DA-F9F39A6EA5EC} = {4CD2E4C4-8C9C-4C6A-90DA-F9F39A6EA5EC}
	EndProjectSection
EndProject
Project("{8BC9CEB8-8B4A-11D0-8D11-00A0C91BC942}") = "Rm", "RM\Rm.vcxproj", "{9F9DE6A2-6EBB-405C-BAFD-235E8ABE52C8}"
EndProject
Project("{8BC9CEB8-8B4A-11D0-8D11-00A0C91BC942}") = "SPath", "SPath\SPath.vcxproj", "{6870E387-BF33-4F59-B37C-7E07559BC256}"
	ProjectSection(ProjectDependencies) = postProject
		{DEE34E3B-9ADF-4191-94A3-A0BBF5103981} = {DEE34E3B-9ADF-4191-94A3-A0BBF5103981}
	EndProjectSection
EndProject
Project("{8BC9CEB8-8B4A-11D0-8D11-00A0C91BC942}") = "Scan", "SCAN\Scan.vcxproj", "{BC653CF2-A20F-43B2-96B9-DBC5971697B4}"
	ProjectSection(ProjectDependencies) = postProject
		{DEE34E3B-9ADF-4191-94A3-A0BBF5103981} = {DEE34E3B-9ADF-4191-94A3-A0BBF5103981}
	EndProjectSection
EndProject
Project("{8BC9CEB8-8B4A-11D0-8D11-00A0C91BC942}") = "Section", "SECTION\Section.vcxproj", "{91563A79-14DA-447A-BB44-F941278CB495}"
	ProjectSection(ProjectDependencies) = postProject
		{DEE34E3B-9ADF-4191-94A3-A0BBF5103981} = {DEE34E3B-9ADF-4191-94A3-A0BBF5103981}
	EndProjectSection
EndProject
Project("{8BC9CEB8-8B4A-11D0-8D11-00A0C91BC942}") = "Sed", "SED\Sed.vcxproj", "{CFFE0DE5-86D8-4963-9B5A-5318AC2BA2C9}"
	ProjectSection(ProjectDependencies) = postProject
		{DEE34E3B-9ADF-4191-94A3-A0BBF5103981} = {DEE34E3B-9ADF-4191-94A3-A0BBF5103981}
	EndProjectSection
EndProject
Project("{8BC9CEB8-8B4A-11D0-8D11-00A0C91BC942}") = "Sort", "SORT\Sort.vcxproj", "{4527A7DE-998D-441E-9F11-D059FDF16854}"
	ProjectSection(ProjectDependencies) = postProject
		{DEE34E3B-9ADF-4191-94A3-A0BBF5103981} = {DEE34E3B-9ADF-4191-94A3-A0BBF5103981}
	EndProjectSection
EndProject
Project("{8BC9CEB8-8B4A-11D0-8D11-00A0C91BC942}") = "Splice", "SPLICE\Splice.vcxproj", "{40815D1E-75F9-40DA-B843-0C49A938D824}"
EndProject
Project("{8BC9CEB8-8B4A-11D0-8D11-00A0C91BC942}") = "Split", "SPLIT\Split.vcxproj", "{DF1A263B-573C-4828-A627-CC4DDBCEE0BA}"
EndProject
Project("{8BC9CEB8-8B4A-11D0-8D11-00A0C91BC942}") = "Subpath", "SUBPATH\Subpath.vcxproj", "{9103D75F-711E-4D0C-8E1E-08A22F297A04}"
	ProjectSection(ProjectDependencies) = postProject
		{DEE34E3B-9ADF-4191-94A3-A0BBF5103981} = {DEE34E3B-9ADF-4191-94A3-A0BBF5103981}
	EndProjectSection
EndProject
Project("{8BC9CEB8-8B4A-11D0-8D11-00A0C91BC942}") = "Tail", "TAIL\Tail.vcxproj", "{9BCFA718-EC09-4959-AC64-7BC18F16D76D}"
	ProjectSection(ProjectDependencies) = postProject
		{DEE34E3B-9ADF-4191-94A3-A0BBF5103981} = {DEE34E3B-9ADF-4191-94A3-A0BBF5103981}
	EndProjectSection
EndProject
Project("{8BC9CEB8-8B4A-11D0-8D11-00A0C91BC942}") = "Tee", "TEE\Tee.vcxproj", "{7CA8B42B-B8C2-4FDF-8B4F-8531B67327E4}"
	ProjectSection(ProjectDependencies) = postProject
		{DEE34E3B-9ADF-4191-94A3-A0BBF5103981} = {DEE34E3B-9ADF-4191-94A3-A0BBF5103981}
	EndProjectSection
EndProject
Project("{8BC9CEB8-8B4A-11D0-8D11-00A0C91BC942}") = "Timex", "TIMEX\Timex.vcxproj", "{14EA4BBD-E6ED-487A-BB3A-4AF635D55378}"
	ProjectSection(ProjectDependencies) = postProject
		{DEE34E3B-9ADF-4191-94A3-A0BBF5103981} = {DEE34E3B-9ADF-4191-94A3-A0BBF5103981}
	EndProjectSection
EndProject
Project("{8BC9CEB8-8B4A-11D0-8D11-00A0C91BC942}") = "Touch", "TOUCH\Touch.vcxproj", "{1E59E448-BF7B-4348-B1B3-F4EE3654C051}"
	ProjectSection(ProjectDependencies) = postProject
		{DEE34E3B-9ADF-4191-94A3-A0BBF5103981} = {DEE34E3B-9ADF-4191-94A3-A0BBF5103981}
	EndProjectSection
EndProject
Project("{8BC9CEB8-8B4A-11D0-8D11-00A0C91BC942}") = "Ty", "TY\Ty.vcxproj", "{F3A0B28F-5479-49B5-86AD-BD1519E9F6E8}"
	ProjectSection(ProjectDependencies) = postProject
		{DEE34E3B-9ADF-4191-94A3-A0BBF5103981} = {DEE34E3B-9ADF-4191-94A3-A0BBF5103981}
	EndProjectSection
EndProject
Project("{8BC9CEB8-8B4A-11D0-8D11-00A0C91BC942}") = "Uniq", "UNIQ\Uniq.vcxproj", "{C5F6B11C-EBED-4E27-B270-3DA501045E71}"
	ProjectSection(ProjectDependencies) = postProject
		{DEE34E3B-9ADF-4191-94A3-A0BBF5103981} = {DEE34E3B-9ADF-4191-94A3-A0BBF5103981}
	EndProjectSection
EndProject
Project("{8BC9CEB8-8B4A-11D0-8D11-00A0C91BC942}") = "Vn", "VN\Vn.vcxproj", "{A672A136-CF78-40FA-9A38-10B266930ADB}"
	ProjectSection(ProjectDependencies) = postProject
		{DEE34E3B-9ADF-4191-94A3-A0BBF5103981} = {DEE34E3B-9ADF-4191-94A3-A0BBF5103981}
	EndProjectSection
EndProject
Project("{8BC9CEB8-8B4A-11D0-8D11-00A0C91BC942}") = "Wc", "WC\Wc.vcxproj", "{62ABF28D-FBF0-4DCA-8D07-998C2F7B1F7F}"
	ProjectSection(ProjectDependencies) = postProject
		{DEE34E3B-9ADF-4191-94A3-A0BBF5103981} = {DEE34E3B-9ADF-4191-94A3-A0BBF5103981}
	EndProjectSection
EndProject
Project("{8BC9CEB8-8B4A-11D0-8D11-00A0C91BC942}") = "Xc", "XC\Xc.vcxproj", "{05ACC22E-3C4E-4524-8537-8C8791DAF759}"
EndProject
Project("{8BC9CEB8-8B4A-11D0-8D11-00A0C91BC942}") = "CleanDir", "CleanDir\CleanDir.vcxproj", "{EFC88BD8-CA17-42E5-9C7F-952779240979}"
	ProjectSection(ProjectDependencies) = postProject
		{DEE34E3B-9ADF-4191-94A3-A0BBF5103981} = {DEE34E3B-9ADF-4191-94A3-A0BBF5103981}
		{337ED9C5-E353-48C6-BBEF-98C7E778FA56} = {337ED9C5-E353-48C6-BBEF-98C7E778FA56}
	EndProjectSection
EndProject
Project("{8BC9CEB8-8B4A-11D0-8D11-00A0C91BC942}") = "LinePrinter", "LinePrinter\LinePrinter.vcxproj", "{4CD2E4C4-8C9C-4C6A-90DA-F9F39A6EA5EC}"
EndProject
Global
	GlobalSection(SolutionConfigurationPlatforms) = preSolution
		Debug|Win32 = Debug|Win32
		Debug|x64 = Debug|x64
		Release|Win32 = Release|Win32
		Release|x64 = Release|x64
	EndGlobalSection
	GlobalSection(ProjectConfigurationPlatforms) = postSolution
		{E630F0BB-1A27-4FD0-B515-3FC92A4E350E}.Debug|Win32.ActiveCfg = Debug|Win32
		{E630F0BB-1A27-4FD0-B515-3FC92A4E350E}.Debug|Win32.Build.0 = Debug|Win32
		{E630F0BB-1A27-4FD0-B515-3FC92A4E350E}.Debug|x64.ActiveCfg = Debug|Win32
		{E630F0BB-1A27-4FD0-B515-3FC92A4E350E}.Release|Win32.ActiveCfg = Release|Win32
		{E630F0BB-1A27-4FD0-B515-3FC92A4E350E}.Release|Win32.Build.0 = Release|Win32
		{E630F0BB-1A27-4FD0-B515-3FC92A4E350E}.Release|x64.ActiveCfg = Release|x64
		{E630F0BB-1A27-4FD0-B515-3FC92A4E350E}.Release|x64.Build.0 = Release|x64
		{EE172E03-2FA7-4CC9-A1D7-AB6C7B3A3031}.Debug|Win32.ActiveCfg = Debug|Win32
		{EE172E03-2FA7-4CC9-A1D7-AB6C7B3A3031}.Debug|Win32.Build.0 = Debug|Win32
		{EE172E03-2FA7-4CC9-A1D7-AB6C7B3A3031}.Debug|x64.ActiveCfg = Debug|Win32
		{EE172E03-2FA7-4CC9-A1D7-AB6C7B3A3031}.Release|Win32.ActiveCfg = Release|Win32
		{EE172E03-2FA7-4CC9-A1D7-AB6C7B3A3031}.Release|Win32.Build.0 = Release|Win32
		{EE172E03-2FA7-4CC9-A1D7-AB6C7B3A3031}.Release|x64.ActiveCfg = Release|x64
		{EE172E03-2FA7-4CC9-A1D7-AB6C7B3A3031}.Release|x64.Build.0 = Release|x64
		{9915020E-7A96-41EF-B904-BC4024A4598C}.Debug|Win32.ActiveCfg = Debug|Win32
		{9915020E-7A96-41EF-B904-BC4024A4598C}.Debug|Win32.Build.0 = Debug|Win32
		{9915020E-7A96-41EF-B904-BC4024A4598C}.Debug|x64.ActiveCfg = Debug|Win32
		{9915020E-7A96-41EF-B904-BC4024A4598C}.Release|Win32.ActiveCfg = Release|Win32
		{9915020E-7A96-41EF-B904-BC4024A4598C}.Release|Win32.Build.0 = Release|Win32
		{9915020E-7A96-41EF-B904-BC4024A4598C}.Release|x64.ActiveCfg = Release|x64
		{9915020E-7A96-41EF-B904-BC4024A4598C}.Release|x64.Build.0 = Release|x64
		{FA64C768-9437-4C8F-B957-A44A96C146A0}.Debug|Win32.ActiveCfg = Debug|Win32
		{FA64C768-9437-4C8F-B957-A44A96C146A0}.Debug|Win32.Build.0 = Debug|Win32
		{FA64C768-9437-4C8F-B957-A44A96C146A0}.Debug|x64.ActiveCfg = Debug|Win32
		{FA64C768-9437-4C8F-B957-A44A96C146A0}.Release|Win32.ActiveCfg = Release|Win32
		{FA64C768-9437-4C8F-B957-A44A96C146A0}.Release|Win32.Build.0 = Release|Win32
		{FA64C768-9437-4C8F-B957-A44A96C146A0}.Release|x64.ActiveCfg = Release|x64
		{FA64C768-9437-4C8F-B957-A44A96C146A0}.Release|x64.Build.0 = Release|x64
		{2C2EB469-A80C-48E2-8ADD-85CA26EA3A52}.Debug|Win32.ActiveCfg = Debug|Win32
		{2C2EB469-A80C-48E2-8ADD-85CA26EA3A52}.Debug|Win32.Build.0 = Debug|Win32
		{2C2EB469-A80C-48E2-8ADD-85CA26EA3A52}.Debug|x64.ActiveCfg = Debug|Win32
		{2C2EB469-A80C-48E2-8ADD-85CA26EA3A52}.Release|Win32.ActiveCfg = Release|Win32
		{2C2EB469-A80C-48E2-8ADD-85CA26EA3A52}.Release|Win32.Build.0 = Release|Win32
		{2C2EB469-A80C-48E2-8ADD-85CA26EA3A52}.Release|x64.ActiveCfg = Release|x64
		{2C2EB469-A80C-48E2-8ADD-85CA26EA3A52}.Release|x64.Build.0 = Release|x64
		{BF213C2B-443E-4E18-8A8C-78043253AFA5}.Debug|Win32.ActiveCfg = Debug|Win32
		{BF213C2B-443E-4E18-8A8C-78043253AFA5}.Debug|Win32.Build.0 = Debug|Win32
		{BF213C2B-443E-4E18-8A8C-78043253AFA5}.Debug|x64.ActiveCfg = Debug|Win32
		{BF213C2B-443E-4E18-8A8C-78043253AFA5}.Release|Win32.ActiveCfg = Release|Win32
		{BF213C2B-443E-4E18-8A8C-78043253AFA5}.Release|Win32.Build.0 = Release|Win32
		{BF213C2B-443E-4E18-8A8C-78043253AFA5}.Release|x64.ActiveCfg = Release|x64
		{BF213C2B-443E-4E18-8A8C-78043253AFA5}.Release|x64.Build.0 = Release|x64
		{0E355759-9F7F-40F3-988D-611E36460728}.Debug|Win32.ActiveCfg = Debug|Win32
		{0E355759-9F7F-40F3-988D-611E36460728}.Debug|Win32.Build.0 = Debug|Win32
		{0E355759-9F7F-40F3-988D-611E36460728}.Debug|x64.ActiveCfg = Debug|Win32
		{0E355759-9F7F-40F3-988D-611E36460728}.Release|Win32.ActiveCfg = Release|Win32
		{0E355759-9F7F-40F3-988D-611E36460728}.Release|Win32.Build.0 = Release|Win32
		{0E355759-9F7F-40F3-988D-611E36460728}.Release|x64.ActiveCfg = Release|x64
		{0E355759-9F7F-40F3-988D-611E36460728}.Release|x64.Build.0 = Release|x64
		{66062B5E-E56A-49BA-B22F-8463076FB76E}.Debug|Win32.ActiveCfg = Debug|Win32
		{66062B5E-E56A-49BA-B22F-8463076FB76E}.Debug|Win32.Build.0 = Debug|Win32
		{66062B5E-E56A-49BA-B22F-8463076FB76E}.Debug|x64.ActiveCfg = Debug|Win32
		{66062B5E-E56A-49BA-B22F-8463076FB76E}.Release|Win32.ActiveCfg = Release|Win32
		{66062B5E-E56A-49BA-B22F-8463076FB76E}.Release|Win32.Build.0 = Release|Win32
		{66062B5E-E56A-49BA-B22F-8463076FB76E}.Release|x64.ActiveCfg = Release|x64
		{66062B5E-E56A-49BA-B22F-8463076FB76E}.Release|x64.Build.0 = Release|x64
		{542F05B3-6FB4-45A1-96A2-711D505AF2D1}.Debug|Win32.ActiveCfg = Debug|Win32
		{542F05B3-6FB4-45A1-96A2-711D505AF2D1}.Debug|Win32.Build.0 = Debug|Win32
		{542F05B3-6FB4-45A1-96A2-711D505AF2D1}.Debug|x64.ActiveCfg = Debug|Win32
		{542F05B3-6FB4-45A1-96A2-711D505AF2D1}.Release|Win32.ActiveCfg = Release|Win32
		{542F05B3-6FB4-45A1-96A2-711D505AF2D1}.Release|Win32.Build.0 = Release|Win32
		{542F05B3-6FB4-45A1-96A2-711D505AF2D1}.Release|x64.ActiveCfg = Release|x64
		{542F05B3-6FB4-45A1-96A2-711D505AF2D1}.Release|x64.Build.0 = Release|x64
		{6CB5DB90-C0CF-4BDF-9413-F9F956E8323A}.Debug|Win32.ActiveCfg = Debug|Win32
		{6CB5DB90-C0CF-4BDF-9413-F9F956E8323A}.Debug|Win32.Build.0 = Debug|Win32
		{6CB5DB90-C0CF-4BDF-9413-F9F956E8323A}.Debug|x64.ActiveCfg = Debug|Win32
		{6CB5DB90-C0CF-4BDF-9413-F9F956E8323A}.Release|Win32.ActiveCfg = Release|Win32
		{6CB5DB90-C0CF-4BDF-9413-F9F956E8323A}.Release|Win32.Build.0 = Release|Win32
		{6CB5DB90-C0CF-4BDF-9413-F9F956E8323A}.Release|x64.ActiveCfg = Release|x64
		{6CB5DB90-C0CF-4BDF-9413-F9F956E8323A}.Release|x64.Build.0 = Release|x64
		{1354A307-B109-4B65-AFB5-ABECE021EF17}.Debug|Win32.ActiveCfg = Debug|Win32
		{1354A307-B109-4B65-AFB5-ABECE021EF17}.Debug|Win32.Build.0 = Debug|Win32
		{1354A307-B109-4B65-AFB5-ABECE021EF17}.Debug|x64.ActiveCfg = Debug|Win32
		{1354A307-B109-4B65-AFB5-ABECE021EF17}.Release|Win32.ActiveCfg = Release|Win32
		{1354A307-B109-4B65-AFB5-ABECE021EF17}.Release|Win32.Build.0 = Release|Win32
		{1354A307-B109-4B65-AFB5-ABECE021EF17}.Release|x64.ActiveCfg = Release|x64
		{1354A307-B109-4B65-AFB5-ABECE021EF17}.Release|x64.Build.0 = Release|x64
		{3D6E992C-6533-4768-8B92-A5DEF886CF6E}.Debug|Win32.ActiveCfg = Debug|Win32
		{3D6E992C-6533-4768-8B92-A5DEF886CF6E}.Debug|Win32.Build.0 = Debug|Win32
		{3D6E992C-6533-4768-8B92-A5DEF886CF6E}.Debug|x64.ActiveCfg = Debug|Win32
		{3D6E992C-6533-4768-8B92-A5DEF886CF6E}.Release|Win32.ActiveCfg = Release|Win32
		{3D6E992C-6533-4768-8B92-A5DEF886CF6E}.Release|Win32.Build.0 = Release|Win32
		{3D6E992C-6533-4768-8B92-A5DEF886CF6E}.Release|x64.ActiveCfg = Release|x64
		{3D6E992C-6533-4768-8B92-A5DEF886CF6E}.Release|x64.Build.0 = Release|x64
		{C03A0D83-9BB4-4105-A144-64335A06D78B}.Debug|Win32.ActiveCfg = Debug|Win32
		{C03A0D83-9BB4-4105-A144-64335A06D78B}.Debug|Win32.Build.0 = Debug|Win32
		{C03A0D83-9BB4-4105-A144-64335A06D78B}.Debug|x64.ActiveCfg = Debug|Win32
		{C03A0D83-9BB4-4105-A144-64335A06D78B}.Release|Win32.ActiveCfg = Release|Win32
		{C03A0D83-9BB4-4105-A144-64335A06D78B}.Release|Win32.Build.0 = Release|Win32
		{C03A0D83-9BB4-4105-A144-64335A06D78B}.Release|x64.ActiveCfg = Release|x64
		{C03A0D83-9BB4-4105-A144-64335A06D78B}.Release|x64.Build.0 = Release|x64
		{3C908D2D-F3D1-4860-A6E9-DCF38A6E130A}.Debug|Win32.ActiveCfg = Debug|Win32
		{3C908D2D-F3D1-4860-A6E9-DCF38A6E130A}.Debug|Win32.Build.0 = Debug|Win32
		{3C908D2D-F3D1-4860-A6E9-DCF38A6E130A}.Debug|x64.ActiveCfg = Debug|Win32
		{3C908D2D-F3D1-4860-A6E9-DCF38A6E130A}.Release|Win32.ActiveCfg = Release|Win32
		{3C908D2D-F3D1-4860-A6E9-DCF38A6E130A}.Release|Win32.Build.0 = Release|Win32
		{3C908D2D-F3D1-4860-A6E9-DCF38A6E130A}.Release|x64.ActiveCfg = Release|x64
		{3C908D2D-F3D1-4860-A6E9-DCF38A6E130A}.Release|x64.Build.0 = Release|x64
		{05C51127-6CE6-46FB-B008-0B2E4B9B112D}.Debug|Win32.ActiveCfg = Debug|Win32
		{05C51127-6CE6-46FB-B008-0B2E4B9B112D}.Debug|Win32.Build.0 = Debug|Win32
		{05C51127-6CE6-46FB-B008-0B2E4B9B112D}.Debug|x64.ActiveCfg = Debug|Win32
		{05C51127-6CE6-46FB-B008-0B2E4B9B112D}.Release|Win32.ActiveCfg = Release|Win32
		{05C51127-6CE6-46FB-B008-0B2E4B9B112D}.Release|Win32.Build.0 = Release|Win32
		{05C51127-6CE6-46FB-B008-0B2E4B9B112D}.Release|x64.ActiveCfg = Release|x64
		{05C51127-6CE6-46FB-B008-0B2E4B9B112D}.Release|x64.Build.0 = Release|x64
		{DF0266FC-9CD3-4675-84AD-03DFE9ECCF3E}.Debug|Win32.ActiveCfg = Debug|Win32
		{DF0266FC-9CD3-4675-84AD-03DFE9ECCF3E}.Debug|Win32.Build.0 = Debug|Win32
		{DF0266FC-9CD3-4675-84AD-03DFE9ECCF3E}.Debug|x64.ActiveCfg = Debug|Win32
		{DF0266FC-9CD3-4675-84AD-03DFE9ECCF3E}.Release|Win32.ActiveCfg = Release|Win32
		{DF0266FC-9CD3-4675-84AD-03DFE9ECCF3E}.Release|Win32.Build.0 = Release|Win32
		{DF0266FC-9CD3-4675-84AD-03DFE9ECCF3E}.Release|x64.ActiveCfg = Release|x64
		{DF0266FC-9CD3-4675-84AD-03DFE9ECCF3E}.Release|x64.Build.0 = Release|x64
		{337ED9C5-E353-48C6-BBEF-98C7E778FA56}.Debug|Win32.ActiveCfg = Debug|Win32
		{337ED9C5-E353-48C6-BBEF-98C7E778FA56}.Debug|Win32.Build.0 = Debug|Win32
		{337ED9C5-E353-48C6-BBEF-98C7E778FA56}.Debug|x64.ActiveCfg = Debug|Win32
		{337ED9C5-E353-48C6-BBEF-98C7E778FA56}.Release|Win32.ActiveCfg = Release|Win32
		{337ED9C5-E353-48C6-BBEF-98C7E778FA56}.Release|Win32.Build.0 = Release|Win32
		{337ED9C5-E353-48C6-BBEF-98C7E778FA56}.Release|x64.ActiveCfg = Release|x64
		{337ED9C5-E353-48C6-BBEF-98C7E778FA56}.Release|x64.Build.0 = Release|x64
		{DEE34E3B-9ADF-4191-94A3-A0BBF5103981}.Debug|Win32.ActiveCfg = Debug|Win32
		{DEE34E3B-9ADF-4191-94A3-A0BBF5103981}.Debug|Win32.Build.0 = Debug|Win32
		{DEE34E3B-9ADF-4191-94A3-A0BBF5103981}.Debug|x64.ActiveCfg = Debug|Win32
		{DEE34E3B-9ADF-4191-94A3-A0BBF5103981}.Release|Win32.ActiveCfg = Release|Win32
		{DEE34E3B-9ADF-4191-94A3-A0BBF5103981}.Release|Win32.Build.0 = Release|Win32
		{DEE34E3B-9ADF-4191-94A3-A0BBF5103981}.Release|x64.ActiveCfg = Release|x64
		{DEE34E3B-9ADF-4191-94A3-A0BBF5103981}.Release|x64.Build.0 = Release|x64
		{CE030099-4689-4850-8233-8F606BC7DDC0}.Debug|Win32.ActiveCfg = Debug|Win32
		{CE030099-4689-4850-8233-8F606BC7DDC0}.Debug|Win32.Build.0 = Debug|Win32
		{CE030099-4689-4850-8233-8F606BC7DDC0}.Debug|x64.ActiveCfg = Debug|Win32
		{CE030099-4689-4850-8233-8F606BC7DDC0}.Release|Win32.ActiveCfg = Release|Win32
		{CE030099-4689-4850-8233-8F606BC7DDC0}.Release|Win32.Build.0 = Release|Win32
		{CE030099-4689-4850-8233-8F606BC7DDC0}.Release|x64.ActiveCfg = Release|x64
		{CE030099-4689-4850-8233-8F606BC7DDC0}.Release|x64.Build.0 = Release|x64
		{B3CC6764-E747-4AC6-A8A0-281668A5B7F0}.Debug|Win32.ActiveCfg = Debug|Win32
		{B3CC6764-E747-4AC6-A8A0-281668A5B7F0}.Debug|Win32.Build.0 = Debug|Win32
		{B3CC6764-E747-4AC6-A8A0-281668A5B7F0}.Debug|x64.ActiveCfg = Debug|Win32
		{B3CC6764-E747-4AC6-A8A0-281668A5B7F0}.Release|Win32.ActiveCfg = Release|Win32
		{B3CC6764-E747-4AC6-A8A0-281668A5B7F0}.Release|Win32.Build.0 = Release|Win32
		{B3CC6764-E747-4AC6-A8A0-281668A5B7F0}.Release|x64.ActiveCfg = Release|x64
		{B3CC6764-E747-4AC6-A8A0-281668A5B7F0}.Release|x64.Build.0 = Release|x64
		{4FCFDD0B-E3E0-46C4-87D9-49A7FCEC29CC}.Debug|Win32.ActiveCfg = Debug|Win32
		{4FCFDD0B-E3E0-46C4-87D9-49A7FCEC29CC}.Debug|Win32.Build.0 = Debug|Win32
		{4FCFDD0B-E3E0-46C4-87D9-49A7FCEC29CC}.Debug|x64.ActiveCfg = Debug|Win32
		{4FCFDD0B-E3E0-46C4-87D9-49A7FCEC29CC}.Release|Win32.ActiveCfg = Release|Win32
		{4FCFDD0B-E3E0-46C4-87D9-49A7FCEC29CC}.Release|Win32.Build.0 = Release|Win32
		{4FCFDD0B-E3E0-46C4-87D9-49A7FCEC29CC}.Release|x64.ActiveCfg = Release|x64
		{4FCFDD0B-E3E0-46C4-87D9-49A7FCEC29CC}.Release|x64.Build.0 = Release|x64
		{01FDD506-D7AF-4681-8054-7F70189B5D7D}.Debug|Win32.ActiveCfg = Debug|Win32
		{01FDD506-D7AF-4681-8054-7F70189B5D7D}.Debug|Win32.Build.0 = Debug|Win32
		{01FDD506-D7AF-4681-8054-7F70189B5D7D}.Debug|x64.ActiveCfg = Debug|Win32
		{01FDD506-D7AF-4681-8054-7F70189B5D7D}.Release|Win32.ActiveCfg = Release|Win32
		{01FDD506-D7AF-4681-8054-7F70189B5D7D}.Release|Win32.Build.0 = Release|Win32
		{01FDD506-D7AF-4681-8054-7F70189B5D7D}.Release|x64.ActiveCfg = Release|x64
		{01FDD506-D7AF-4681-8054-7F70189B5D7D}.Release|x64.Build.0 = Release|x64
		{97859FF7-7EDF-4A73-96BC-8605EEE39DAA}.Debug|Win32.ActiveCfg = Debug|Win32
		{97859FF7-7EDF-4A73-96BC-8605EEE39DAA}.Debug|Win32.Build.0 = Debug|Win32
		{97859FF7-7EDF-4A73-96BC-8605EEE39DAA}.Debug|x64.ActiveCfg = Debug|Win32
		{97859FF7-7EDF-4A73-96BC-8605EEE39DAA}.Release|Win32.ActiveCfg = Release|Win32
		{97859FF7-7EDF-4A73-96BC-8605EEE39DAA}.Release|Win32.Build.0 = Release|Win32
		{97859FF7-7EDF-4A73-96BC-8605EEE39DAA}.Release|x64.ActiveCfg = Release|x64
		{97859FF7-7EDF-4A73-96BC-8605EEE39DAA}.Release|x64.Build.0 = Release|x64
		{E0756B70-293A-48A6-8CBB-04A2446858AB}.Debug|Win32.ActiveCfg = Debug|Win32
		{E0756B70-293A-48A6-8CBB-04A2446858AB}.Debug|Win32.Build.0 = Debug|Win32
		{E0756B70-293A-48A6-8CBB-04A2446858AB}.Debug|x64.ActiveCfg = Debug|Win32
		{E0756B70-293A-48A6-8CBB-04A2446858AB}.Release|Win32.ActiveCfg = Release|Win32
		{E0756B70-293A-48A6-8CBB-04A2446858AB}.Release|Win32.Build.0 = Release|Win32
		{E0756B70-293A-48A6-8CBB-04A2446858AB}.Release|x64.ActiveCfg = Release|x64
		{E0756B70-293A-48A6-8CBB-04A2446858AB}.Release|x64.Build.0 = Release|x64
		{CE88A350-FEDB-423D-BA24-A8F4D3531E9C}.Debug|Win32.ActiveCfg = Debug|Win32
		{CE88A350-FEDB-423D-BA24-A8F4D3531E9C}.Debug|Win32.Build.0 = Debug|Win32
		{CE88A350-FEDB-423D-BA24-A8F4D3531E9C}.Debug|x64.ActiveCfg = Debug|Win32
		{CE88A350-FEDB-423D-BA24-A8F4D3531E9C}.Release|Win32.ActiveCfg = Release|Win32
		{CE88A350-FEDB-423D-BA24-A8F4D3531E9C}.Release|Win32.Build.0 = Release|Win32
		{CE88A350-FEDB-423D-BA24-A8F4D3531E9C}.Release|x64.ActiveCfg = Release|x64
		{CE88A350-FEDB-423D-BA24-A8F4D3531E9C}.Release|x64.Build.0 = Release|x64
		{406A47B3-E1C4-4F77-B262-51DFA8E46945}.Debug|Win32.ActiveCfg = Debug|Win32
		{406A47B3-E1C4-4F77-B262-51DFA8E46945}.Debug|Win32.Build.0 = Debug|Win32
		{406A47B3-E1C4-4F77-B262-51DFA8E46945}.Debug|x64.ActiveCfg = Debug|Win32
		{406A47B3-E1C4-4F77-B262-51DFA8E46945}.Release|Win32.ActiveCfg = Release|Win32
		{406A47B3-E1C4-4F77-B262-51DFA8E46945}.Release|Win32.Build.0 = Release|Win32
		{406A47B3-E1C4-4F77-B262-51DFA8E46945}.Release|x64.ActiveCfg = Release|x64
		{406A47B3-E1C4-4F77-B262-51DFA8E46945}.Release|x64.Build.0 = Release|x64
		{9F9DE6A2-6EBB-405C-BAFD-235E8ABE52C8}.Debug|Win32.ActiveCfg = Debug|Win32
		{9F9DE6A2-6EBB-405C-BAFD-235E8ABE52C8}.Debug|Win32.Build.0 = Debug|Win32
		{9F9DE6A2-6EBB-405C-BAFD-235E8ABE52C8}.Debug|x64.ActiveCfg = Debug|Win32
		{9F9DE6A2-6EBB-405C-BAFD-235E8ABE52C8}.Release|Win32.ActiveCfg = Release|Win32
		{9F9DE6A2-6EBB-405C-BAFD-235E8ABE52C8}.Release|Win32.Build.0 = Release|Win32
		{9F9DE6A2-6EBB-405C-BAFD-235E8ABE52C8}.Release|x64.ActiveCfg = Release|x64
		{9F9DE6A2-6EBB-405C-BAFD-235E8ABE52C8}.Release|x64.Build.0 = Release|x64
		{6870E387-BF33-4F59-B37C-7E07559BC256}.Debug|Win32.ActiveCfg = Debug|Win32
		{6870E387-BF33-4F59-B37C-7E07559BC256}.Debug|Win32.Build.0 = Debug|Win32
		{6870E387-BF33-4F59-B37C-7E07559BC256}.Debug|x64.ActiveCfg = Debug|Win32
		{6870E387-BF33-4F59-B37C-7E07559BC256}.Release|Win32.ActiveCfg = Release|Win32
		{6870E387-BF33-4F59-B37C-7E07559BC256}.Release|Win32.Build.0 = Release|Win32
		{6870E387-BF33-4F59-B37C-7E07559BC256}.Release|x64.ActiveCfg = Release|x64
		{6870E387-BF33-4F59-B37C-7E07559BC256}.Release|x64.Build.0 = Release|x64
		{BC653CF2-A20F-43B2-96B9-DBC5971697B4}.Debug|Win32.ActiveCfg = Debug|Win32
		{BC653CF2-A20F-43B2-96B9-DBC5971697B4}.Debug|Win32.Build.0 = Debug|Win32
		{BC653CF2-A20F-43B2-96B9-DBC5971697B4}.Debug|x64.ActiveCfg = Debug|Win32
		{BC653CF2-A20F-43B2-96B9-DBC5971697B4}.Release|Win32.ActiveCfg = Release|Win32
		{BC653CF2-A20F-43B2-96B9-DBC5971697B4}.Release|Win32.Build.0 = Release|Win32
		{BC653CF2-A20F-43B2-96B9-DBC5971697B4}.Release|x64.ActiveCfg = Release|x64
		{BC653CF2-A20F-43B2-96B9-DBC5971697B4}.Release|x64.Build.0 = Release|x64
		{91563A79-14DA-447A-BB44-F941278CB495}.Debug|Win32.ActiveCfg = Debug|Win32
		{91563A79-14DA-447A-BB44-F941278CB495}.Debug|Win32.Build.0 = Debug|Win32
		{91563A79-14DA-447A-BB44-F941278CB495}.Debug|x64.ActiveCfg = Debug|Win32
		{91563A79-14DA-447A-BB44-F941278CB495}.Release|Win32.ActiveCfg = Release|Win32
		{91563A79-14DA-447A-BB44-F941278CB495}.Release|Win32.Build.0 = Release|Win32
		{91563A79-14DA-447A-BB44-F941278CB495}.Release|x64.ActiveCfg = Release|x64
		{91563A79-14DA-447A-BB44-F941278CB495}.Release|x64.Build.0 = Release|x64
		{CFFE0DE5-86D8-4963-9B5A-5318AC2BA2C9}.Debug|Win32.ActiveCfg = Debug|Win32
		{CFFE0DE5-86D8-4963-9B5A-5318AC2BA2C9}.Debug|Win32.Build.0 = Debug|Win32
		{CFFE0DE5-86D8-4963-9B5A-5318AC2BA2C9}.Debug|x64.ActiveCfg = Debug|Win32
		{CFFE0DE5-86D8-4963-9B5A-5318AC2BA2C9}.Release|Win32.ActiveCfg = Release|Win32
		{CFFE0DE5-86D8-4963-9B5A-5318AC2BA2C9}.Release|Win32.Build.0 = Release|Win32
		{CFFE0DE5-86D8-4963-9B5A-5318AC2BA2C9}.Release|x64.ActiveCfg = Release|x64
		{CFFE0DE5-86D8-4963-9B5A-5318AC2BA2C9}.Release|x64.Build.0 = Release|x64
		{4527A7DE-998D-441E-9F11-D059FDF16854}.Debug|Win32.ActiveCfg = Debug|Win32
		{4527A7DE-998D-441E-9F11-D059FDF16854}.Debug|Win32.Build.0 = Debug|Win32
		{4527A7DE-998D-441E-9F11-D059FDF16854}.Debug|x64.ActiveCfg = Debug|Win32
		{4527A7DE-998D-441E-9F11-D059FDF16854}.Release|Win32.ActiveCfg = Release|Win32
		{4527A7DE-998D-441E-9F11-D059FDF16854}.Release|Win32.Build.0 = Release|Win32
		{4527A7DE-998D-441E-9F11-D059FDF16854}.Release|x64.ActiveCfg = Release|x64
		{4527A7DE-998D-441E-9F11-D059FDF16854}.Release|x64.Build.0 = Release|x64
		{40815D1E-75F9-40DA-B843-0C49A938D824}.Debug|Win32.ActiveCfg = Debug|Win32
		{40815D1E-75F9-40DA-B843-0C49A938D824}.Debug|Win32.Build.0 = Debug|Win32
		{40815D1E-75F9-40DA-B843-0C49A938D824}.Debug|x64.ActiveCfg = Debug|Win32
		{40815D1E-75F9-40DA-B843-0C49A938D824}.Release|Win32.ActiveCfg = Release|Win32
		{40815D1E-75F9-40DA-B843-0C49A938D824}.Release|Win32.Build.0 = Release|Win32
		{40815D1E-75F9-40DA-B843-0C49A938D824}.Release|x64.ActiveCfg = Release|x64
		{40815D1E-75F9-40DA-B843-0C49A938D824}.Release|x64.Build.0 = Release|x64
		{DF1A263B-573C-4828-A627-CC4DDBCEE0BA}.Debug|Win32.ActiveCfg = Debug|Win32
		{DF1A263B-573C-4828-A627-CC4DDBCEE0BA}.Debug|Win32.Build.0 = Debug|Win32
		{DF1A263B-573C-4828-A627-CC4DDBCEE0BA}.Debug|x64.ActiveCfg = Debug|Win32
		{DF1A263B-573C-4828-A627-CC4DDBCEE0BA}.Release|Win32.ActiveCfg = Release|Win32
		{DF1A263B-573C-4828-A627-CC4DDBCEE0BA}.Release|Win32.Build.0 = Release|Win32
		{DF1A263B-573C-4828-A627-CC4DDBCEE0BA}.Release|x64.ActiveCfg = Release|x64
		{DF1A263B-573C-4828-A627-CC4DDBCEE0BA}.Release|x64.Build.0 = Release|x64
		{9103D75F-711E-4D0C-8E1E-08A22F297A04}.Debug|Win32.ActiveCfg = Debug|Win32
		{9103D75F-711E-4D0C-8E1E-08A22F297A04}.Debug|Win32.Build.0 = Debug|Win32
		{9103D75F-711E-4D0C-8E1E-08A22F297A04}.Debug|x64.ActiveCfg = Debug|Win32
		{9103D75F-711E-4D0C-8E1E-08A22F297A04}.Release|Win32.ActiveCfg = Release|Win32
		{9103D75F-711E-4D0C-8E1E-08A22F297A04}.Release|Win32.Build.0 = Release|Win32
		{9103D75F-711E-4D0C-8E1E-08A22F297A04}.Release|x64.ActiveCfg = Release|x64
		{9103D75F-711E-4D0C-8E1E-08A22F297A04}.Release|x64.Build.0 = Release|x64
		{9BCFA718-EC09-4959-AC64-7BC18F16D76D}.Debug|Win32.ActiveCfg = Debug|Win32
		{9BCFA718-EC09-4959-AC64-7BC18F16D76D}.Debug|Win32.Build.0 = Debug|Win32
		{9BCFA718-EC09-4959-AC64-7BC18F16D76D}.Debug|x64.ActiveCfg = Debug|Win32
		{9BCFA718-EC09-4959-AC64-7BC18F16D76D}.Release|Win32.ActiveCfg = Release|Win32
		{9BCFA718-EC09-4959-AC64-7BC18F16D76D}.Release|Win32.Build.0 = Release|Win32
		{9BCFA718-EC09-4959-AC64-7BC18F16D76D}.Release|x64.ActiveCfg = Release|x64
		{9BCFA718-EC09-4959-AC64-7BC18F16D76D}.Release|x64.Build.0 = Release|x64
		{7CA8B42B-B8C2-4FDF-8B4F-8531B67327E4}.Debug|Win32.ActiveCfg = Debug|Win32
		{7CA8B42B-B8C2-4FDF-8B4F-8531B67327E4}.Debug|Win32.Build.0 = Debug|Win32
		{7CA8B42B-B8C2-4FDF-8B4F-8531B67327E4}.Debug|x64.ActiveCfg = Debug|Win32
		{7CA8B42B-B8C2-4FDF-8B4F-8531B67327E4}.Release|Win32.ActiveCfg = Release|Win32
		{7CA8B42B-B8C2-4FDF-8B4F-8531B67327E4}.Release|Win32.Build.0 = Release|Win32
		{7CA8B42B-B8C2-4FDF-8B4F-8531B67327E4}.Release|x64.ActiveCfg = Release|x64
		{7CA8B42B-B8C2-4FDF-8B4F-8531B67327E4}.Release|x64.Build.0 = Release|x64
		{14EA4BBD-E6ED-487A-BB3A-4AF635D55378}.Debug|Win32.ActiveCfg = Debug|Win32
		{14EA4BBD-E6ED-487A-BB3A-4AF635D55378}.Debug|Win32.Build.0 = Debug|Win32
		{14EA4BBD-E6ED-487A-BB3A-4AF635D55378}.Debug|x64.ActiveCfg = Debug|Win32
		{14EA4BBD-E6ED-487A-BB3A-4AF635D55378}.Release|Win32.ActiveCfg = Release|Win32
		{14EA4BBD-E6ED-487A-BB3A-4AF635D55378}.Release|Win32.Build.0 = Release|Win32
		{14EA4BBD-E6ED-487A-BB3A-4AF635D55378}.Release|x64.ActiveCfg = Release|x64
		{14EA4BBD-E6ED-487A-BB3A-4AF635D55378}.Release|x64.Build.0 = Release|x64
		{1E59E448-BF7B-4348-B1B3-F4EE3654C051}.Debug|Win32.ActiveCfg = Debug|Win32
		{1E59E448-BF7B-4348-B1B3-F4EE3654C051}.Debug|Win32.Build.0 = Debug|Win32
		{1E59E448-BF7B-4348-B1B3-F4EE3654C051}.Debug|x64.ActiveCfg = Debug|Win32
		{1E59E448-BF7B-4348-B1B3-F4EE3654C051}.Release|Win32.ActiveCfg = Release|Win32
		{1E59E448-BF7B-4348-B1B3-F4EE3654C051}.Release|Win32.Build.0 = Release|Win32
		{1E59E448-BF7B-4348-B1B3-F4EE3654C051}.Release|x64.ActiveCfg = Release|x64
		{1E59E448-BF7B-4348-B1B3-F4EE3654C051}.Release|x64.Build.0 = Release|x64
		{F3A0B28F-5479-49B5-86AD-BD1519E9F6E8}.Debug|Win32.ActiveCfg = Debug|Win32
		{F3A0B28F-5479-49B5-86AD-BD1519E9F6E8}.Debug|Win32.Build.0 = Debug|Win32
		{F3A0B28F-5479-49B5-86AD-BD1519E9F6E8}.Debug|x64.ActiveCfg = Debug|Win32
		{F3A0B28F-5479-49B5-86AD-BD1519E9F6E8}.Release|Win32.ActiveCfg = Release|Win32
		{F3A0B28F-5479-49B5-86AD-BD1519E9F6E8}.Release|Win32.Build.0 = Release|Win32
		{F3A0B28F-5479-49B5-86AD-BD1519E9F6E8}.Release|x64.ActiveCfg = Release|x64
		{F3A0B28F-5479-49B5-86AD-BD1519E9F6E8}.Release|x64.Build.0 = Release|x64
		{C5F6B11C-EBED-4E27-B270-3DA501045E71}.Debug|Win32.ActiveCfg = Debug|Win32
		{C5F6B11C-EBED-4E27-B270-3DA501045E71}.Debug|Win32.Build.0 = Debug|Win32
		{C5F6B11C-EBED-4E27-B270-3DA501045E71}.Debug|x64.ActiveCfg = Debug|Win32
		{C5F6B11C-EBED-4E27-B270-3DA501045E71}.Release|Win32.ActiveCfg = Release|Win32
		{C5F6B11C-EBED-4E27-B270-3DA501045E71}.Release|Win32.Build.0 = Release|Win32
		{C5F6B11C-EBED-4E27-B270-3DA501045E71}.Release|x64.ActiveCfg = Release|x64
		{C5F6B11C-EBED-4E27-B270-3DA501045E71}.Release|x64.Build.0 = Release|x64
		{A672A136-CF78-40FA-9A38-10B266930ADB}.Debug|Win32.ActiveCfg = Debug|Win32
		{A672A136-CF78-40FA-9A38-10B266930ADB}.Debug|Win32.Build.0 = Debug|Win32
		{A672A136-CF78-40FA-9A38-10B266930ADB}.Debug|x64.ActiveCfg = Debug|Win32
		{A672A136-CF78-40FA-9A38-10B266930ADB}.Release|Win32.ActiveCfg = Release|Win32
		{A672A136-CF78-40FA-9A38-10B266930ADB}.Release|Win32.Build.0 = Release|Win32
		{A672A136-CF78-40FA-9A38-10B266930ADB}.Release|x64.ActiveCfg = Release|x64
		{A672A136-CF78-40FA-9A38-10B266930ADB}.Release|x64.Build.0 = Release|x64
		{62ABF28D-FBF0-4DCA-8D07-998C2F7B1F7F}.Debug|Win32.ActiveCfg = Debug|Win32
		{62ABF28D-FBF0-4DCA-8D07-998C2F7B1F7F}.Debug|Win32.Build.0 = Debug|Win32
		{62ABF28D-FBF0-4DCA-8D07-998C2F7B1F7F}.Debug|x64.ActiveCfg = Debug|Win32
		{62ABF28D-FBF0-4DCA-8D07-998C2F7B1F7F}.Release|Win32.ActiveCfg = Release|Win32
		{62ABF28D-FBF0-4DCA-8D07-998C2F7B1F7F}.Release|Win32.Build.0 = Release|Win32
		{62ABF28D-FBF0-4DCA-8D07-998C2F7B1F7F}.Release|x64.ActiveCfg = Release|x64
		{62ABF28D-FBF0-4DCA-8D07-998C2F7B1F7F}.Release|x64.Build.0 = Release|x64
		{05ACC22E-3C4E-4524-8537-8C8791DAF759}.Debug|Win32.ActiveCfg = Debug|Win32
		{05ACC22E-3C4E-4524-8537-8C8791DAF759}.Debug|Win32.Build.0 = Debug|Win32
		{05ACC22E-3C4E-4524-8537-8C8791DAF759}.Debug|x64.ActiveCfg = Debug|Win32
		{05ACC22E-3C4E-4524-8537-8C8791DAF759}.Release|Win32.ActiveCfg = Release|Win32
		{05ACC22E-3C4E-4524-8537-8C8791DAF759}.Release|Win32.Build.0 = Release|Win32
		{05ACC22E-3C4E-4524-8537-8C8791DAF759}.Release|x64.ActiveCfg = Release|x64
		{05ACC22E-3C4E-4524-8537-8C8791DAF759}.Release|x64.Build.0 = Release|x64
		{EFC88BD8-CA17-42E5-9C7F-952779240979}.Debug|Win32.ActiveCfg = Debug|Win32
		{EFC88BD8-CA17-42E5-9C7F-952779240979}.Debug|Win32.Build.0 = Debug|Win32
		{EFC88BD8-CA17-42E5-9C7F-952779240979}.Debug|x64.ActiveCfg = Debug|Win32
		{EFC88BD8-CA17-42E5-9C7F-952779240979}.Release|Win32.ActiveCfg = Release|Win32
		{EFC88BD8-CA17-42E5-9C7F-952779240979}.Release|Win32.Build.0 = Release|Win32
		{EFC88BD8-CA17-42E5-9C7F-952779240979}.Release|x64.ActiveCfg = Release|x64
		{EFC88BD8-CA17-42E5-9C7F-952779240979}.Release|x64.Build.0 = Release|x64
		{4CD2E4C4-8C9C-4C6A-90DA-F9F39A6EA5EC}.Debug|Win32.ActiveCfg = Debug|Win32
		{4CD2E4C4-8C9C-4C6A-90DA-F9F39A6EA5EC}.Debug|Win32.Build.0 = Debug|Win32
		{4CD2E4C4-8C9C-4C6A-90DA-F9F39A6EA5EC}.Debug|x64.ActiveCfg = Debug|Win32
		{4CD2E4C4-8C9C-4C6A-90DA-F9F39A6EA5EC}.Release|Win32.ActiveCfg = Release|Win32
		{4CD2E4C4-8C9C-4C6A-90DA-F9F39A6EA5EC}.Release|Win32.Build.0 = Release|Win32
		{4CD2E4C4-8C9C-4C6A-90DA-F9F39A6EA5EC}.Release|x64.ActiveCfg = Release|x64
		{4CD2E4C4-8C9C-4C6A-90DA-F9F39A6EA5EC}.Release|x64.Build.0 = Release|x64
	EndGlobalSection
	GlobalSection(SolutionProperties) = preSolution
		HideSolutionNode = FALSE
	EndGlobalSection
	GlobalSection(ExtensibilityGlobals) = postSolution
		SolutionGuid = {060DF774-0318-4AAD-A079-DC7EE2F3D79F}
	EndGlobalSection
EndGlobal
